
Microsoft Visual Studio Solution File, Format Version 12.00
# Visual Studio Version 17
VisualStudioVersion = 17.8.34330.188
MinimumVisualStudioVersion = 10.0.40219.1
Project("{8BC9CEB8-8B4A-11D0-8D11-00A0C91BC942}") = "6_task", "6_task\6_task.vcxproj", "{FB42BEBD-98C0-46AB-B5A2-F5B57584FDAB}"
EndProject
Global
	GlobalSection(SolutionConfigurationPlatforms) = preSolution
		Debug|x64 = Debug|x64
		Debug|x86 = Debug|x86
		Release|x64 = Release|x64
		Release|x86 = Release|x86
	EndGlobalSection
	GlobalSection(ProjectConfigurationPlatforms) = postSolution
		{FB42BEBD-98C0-46AB-B5A2-F5B57584FDAB}.Debug|x64.ActiveCfg = Debug|x64
		{FB42BEBD-98C0-46AB-B5A2-F5B57584FDAB}.Debug|x64.Build.0 = Debug|x64
		{FB42BEBD-98C0-46AB-B5A2-F5B57584FDAB}.Debug|x86.ActiveCfg = Debug|Win32
		{FB42BEBD-98C0-46AB-B5A2-F5B57584FDAB}.Debug|x86.Build.0 = Debug|Win32
		{FB42BEBD-98C0-46AB-B5A2-F5B57584FDAB}.Release|x64.ActiveCfg = Release|x64
		{FB42BEBD-98C0-46AB-B5A2-F5B57584FDAB}.Release|x64.Build.0 = Release|x64
		{FB42BEBD-98C0-46AB-B5A2-F5B57584FDAB}.Release|x86.ActiveCfg = Release|Win32
		{FB42BEBD-98C0-46AB-B5A2-F5B57584FDAB}.Release|x86.Build.0 = Release|Win32
	EndGlobalSection
	GlobalSection(SolutionProperties) = preSolution
		HideSolutionNode = FALSE
	EndGlobalSection
	GlobalSection(ExtensibilityGlobals) = postSolution
		SolutionGuid = {FD6698CF-CA03-4B24-89F6-3C325E5ACCB2}
	EndGlobalSection
EndGlobal
